// !$*UTF8*$!
{
	archiveVersion = 1;
	classes = {
	};
	objectVersion = 50;
	objects = {

/* Begin PBXBuildFile section */
		D43723F324435C4F0069AF4E /* AppDelegate.swift in Sources */ = {isa = PBXBuildFile; fileRef = D43723F224435C4F0069AF4E /* AppDelegate.swift */; };
		D43723F524435C4F0069AF4E /* SceneDelegate.swift in Sources */ = {isa = PBXBuildFile; fileRef = D43723F424435C4F0069AF4E /* SceneDelegate.swift */; };
		D43723F724435C4F0069AF4E /* ContentView.swift in Sources */ = {isa = PBXBuildFile; fileRef = D43723F624435C4F0069AF4E /* ContentView.swift */; };
		D43723F924435C500069AF4E /* Assets.xcassets in Resources */ = {isa = PBXBuildFile; fileRef = D43723F824435C500069AF4E /* Assets.xcassets */; };
		D43723FC24435C500069AF4E /* Preview Assets.xcassets in Resources */ = {isa = PBXBuildFile; fileRef = D43723FB24435C500069AF4E /* Preview Assets.xcassets */; };
		D43723FF24435C500069AF4E /* LaunchScreen.storyboard in Resources */ = {isa = PBXBuildFile; fileRef = D43723FD24435C500069AF4E /* LaunchScreen.storyboard */; };
		D460B818244ABD1400C14A44 /* CarDetail.swift in Sources */ = {isa = PBXBuildFile; fileRef = D460B817244ABD1400C14A44 /* CarDetail.swift */; };
		D47A5C722449F7B500B29045 /* ShopLocation.swift in Sources */ = {isa = PBXBuildFile; fileRef = D47A5C702449F7B500B29045 /* ShopLocation.swift */; };
		D47A5C732449F7B500B29045 /* Logo.swift in Sources */ = {isa = PBXBuildFile; fileRef = D47A5C712449F7B500B29045 /* Logo.swift */; };
		D47A5C752449F83E00B29045 /* CarRow.swift in Sources */ = {isa = PBXBuildFile; fileRef = D47A5C742449F83E00B29045 /* CarRow.swift */; };
		D47A5C772449F91900B29045 /* BrandList.swift in Sources */ = {isa = PBXBuildFile; fileRef = D47A5C762449F91900B29045 /* BrandList.swift */; };
		D4F42F0B2449F3AD00162DE0 /* aston_martin.jpg in Resources */ = {isa = PBXBuildFile; fileRef = D4F42F002449F3AD00162DE0 /* aston_martin.jpg */; };
		D4F42F0C2449F3AD00162DE0 /* lykan.jpg in Resources */ = {isa = PBXBuildFile; fileRef = D4F42F012449F3AD00162DE0 /* lykan.jpg */; };
		D4F42F0D2449F3AD00162DE0 /* ferrari.jpg in Resources */ = {isa = PBXBuildFile; fileRef = D4F42F022449F3AD00162DE0 /* ferrari.jpg */; };
		D4F42F0E2449F3AD00162DE0 /* showroomData.json in Resources */ = {isa = PBXBuildFile; fileRef = D4F42F032449F3AD00162DE0 /* showroomData.json */; };
		D4F42F0F2449F3AD00162DE0 /* koenigsegg.jpg in Resources */ = {isa = PBXBuildFile; fileRef = D4F42F042449F3AD00162DE0 /* koenigsegg.jpg */; };
		D4F42F102449F3AD00162DE0 /* bugatti.jpg in Resources */ = {isa = PBXBuildFile; fileRef = D4F42F052449F3AD00162DE0 /* bugatti.jpg */; };
		D4F42F112449F3AD00162DE0 /* pagani.jpg in Resources */ = {isa = PBXBuildFile; fileRef = D4F42F062449F3AD00162DE0 /* pagani.jpg */; };
		D4F42F122449F3AD00162DE0 /* rolls_royce.jpg in Resources */ = {isa = PBXBuildFile; fileRef = D4F42F072449F3AD00162DE0 /* rolls_royce.jpg */; };
		D4F42F132449F3AD00162DE0 /* lamborghini.jpg in Resources */ = {isa = PBXBuildFile; fileRef = D4F42F082449F3AD00162DE0 /* lamborghini.jpg */; };
		D4F42F142449F3AD00162DE0 /* maybach.jpg in Resources */ = {isa = PBXBuildFile; fileRef = D4F42F092449F3AD00162DE0 /* maybach.jpg */; };
		D4F42F152449F3AD00162DE0 /* mazda.jpg in Resources */ = {isa = PBXBuildFile; fileRef = D4F42F0A2449F3AD00162DE0 /* mazda.jpg */; };
		D4F42F182449F3D200162DE0 /* Data.swift in Sources */ = {isa = PBXBuildFile; fileRef = D4F42F172449F3D200162DE0 /* Data.swift */; };
		D4F42F1A2449F44800162DE0 /* CarShowroom.swift in Sources */ = {isa = PBXBuildFile; fileRef = D4F42F192449F44800162DE0 /* CarShowroom.swift */; };
/* End PBXBuildFile section */

/* Begin PBXFileReference section */
		D43723EF24435C4F0069AF4E /* Car_Showroom.app */ = {isa = PBXFileReference; explicitFileType = wrapper.application; includeInIndex = 0; path = Car_Showroom.app; sourceTree = BUILT_PRODUCTS_DIR; };
		D43723F224435C4F0069AF4E /* AppDelegate.swift */ = {isa = PBXFileReference; lastKnownFileType = sourcecode.swift; path = AppDelegate.swift; sourceTree = "<group>"; };
		D43723F424435C4F0069AF4E /* SceneDelegate.swift */ = {isa = PBXFileReference; lastKnownFileType = sourcecode.swift; path = SceneDelegate.swift; sourceTree = "<group>"; };
		D43723F624435C4F0069AF4E /* ContentView.swift */ = {isa = PBXFileReference; lastKnownFileType = sourcecode.swift; path = ContentView.swift; sourceTree = "<group>"; };
		D43723F824435C500069AF4E /* Assets.xcassets */ = {isa = PBXFileReference; lastKnownFileType = folder.assetcatalog; path = Assets.xcassets; sourceTree = "<group>"; };
		D43723FB24435C500069AF4E /* Preview Assets.xcassets */ = {isa = PBXFileReference; lastKnownFileType = folder.assetcatalog; path = "Preview Assets.xcassets"; sourceTree = "<group>"; };
		D43723FE24435C500069AF4E /* Base */ = {isa = PBXFileReference; lastKnownFileType = file.storyboard; name = Base; path = Base.lproj/LaunchScreen.storyboard; sourceTree = "<group>"; };
		D437240024435C500069AF4E /* Info.plist */ = {isa = PBXFileReference; lastKnownFileType = text.plist.xml; path = Info.plist; sourceTree = "<group>"; };
		D460B817244ABD1400C14A44 /* CarDetail.swift */ = {isa = PBXFileReference; lastKnownFileType = sourcecode.swift; path = CarDetail.swift; sourceTree = "<group>"; };
		D47A5C702449F7B500B29045 /* ShopLocation.swift */ = {isa = PBXFileReference; fileEncoding = 4; lastKnownFileType = sourcecode.swift; path = ShopLocation.swift; sourceTree = "<group>"; };
		D47A5C712449F7B500B29045 /* Logo.swift */ = {isa = PBXFileReference; fileEncoding = 4; lastKnownFileType = sourcecode.swift; path = Logo.swift; sourceTree = "<group>"; };
		D47A5C742449F83E00B29045 /* CarRow.swift */ = {isa = PBXFileReference; lastKnownFileType = sourcecode.swift; path = CarRow.swift; sourceTree = "<group>"; };
		D47A5C762449F91900B29045 /* BrandList.swift */ = {isa = PBXFileReference; lastKnownFileType = sourcecode.swift; path = BrandList.swift; sourceTree = "<group>"; };
		D4F42F002449F3AD00162DE0 /* aston_martin.jpg */ = {isa = PBXFileReference; lastKnownFileType = image.jpeg; path = aston_martin.jpg; sourceTree = "<group>"; };
		D4F42F012449F3AD00162DE0 /* lykan.jpg */ = {isa = PBXFileReference; lastKnownFileType = image.jpeg; path = lykan.jpg; sourceTree = "<group>"; };
		D4F42F022449F3AD00162DE0 /* ferrari.jpg */ = {isa = PBXFileReference; lastKnownFileType = image.jpeg; path = ferrari.jpg; sourceTree = "<group>"; };
		D4F42F032449F3AD00162DE0 /* showroomData.json */ = {isa = PBXFileReference; fileEncoding = 4; lastKnownFileType = text.json; path = showroomData.json; sourceTree = "<group>"; };
		D4F42F042449F3AD00162DE0 /* koenigsegg.jpg */ = {isa = PBXFileReference; lastKnownFileType = image.jpeg; path = koenigsegg.jpg; sourceTree = "<group>"; };
		D4F42F052449F3AD00162DE0 /* bugatti.jpg */ = {isa = PBXFileReference; lastKnownFileType = image.jpeg; path = bugatti.jpg; sourceTree = "<group>"; };
		D4F42F062449F3AD00162DE0 /* pagani.jpg */ = {isa = PBXFileReference; lastKnownFileType = image.jpeg; path = pagani.jpg; sourceTree = "<group>"; };
		D4F42F072449F3AD00162DE0 /* rolls_royce.jpg */ = {isa = PBXFileReference; lastKnownFileType = image.jpeg; path = rolls_royce.jpg; sourceTree = "<group>"; };
		D4F42F082449F3AD00162DE0 /* lamborghini.jpg */ = {isa = PBXFileReference; lastKnownFileType = image.jpeg; path = lamborghini.jpg; sourceTree = "<group>"; };
		D4F42F092449F3AD00162DE0 /* maybach.jpg */ = {isa = PBXFileReference; lastKnownFileType = image.jpeg; path = maybach.jpg; sourceTree = "<group>"; };
		D4F42F0A2449F3AD00162DE0 /* mazda.jpg */ = {isa = PBXFileReference; lastKnownFileType = image.jpeg; path = mazda.jpg; sourceTree = "<group>"; };
		D4F42F172449F3D200162DE0 /* Data.swift */ = {isa = PBXFileReference; lastKnownFileType = sourcecode.swift; path = Data.swift; sourceTree = "<group>"; };
		D4F42F192449F44800162DE0 /* CarShowroom.swift */ = {isa = PBXFileReference; lastKnownFileType = sourcecode.swift; path = CarShowroom.swift; sourceTree = "<group>"; };
/* End PBXFileReference section */

/* Begin PBXFrameworksBuildPhase section */
		D43723EC24435C4F0069AF4E /* Frameworks */ = {
			isa = PBXFrameworksBuildPhase;
			buildActionMask = 2147483647;
			files = (
			);
			runOnlyForDeploymentPostprocessing = 0;
		};
/* End PBXFrameworksBuildPhase section */

/* Begin PBXGroup section */
		D43723E624435C4F0069AF4E = {
			isa = PBXGroup;
			children = (
				D43723F124435C4F0069AF4E /* Car_Showroom */,
				D43723F024435C4F0069AF4E /* Products */,
			);
			sourceTree = "<group>";
		};
		D43723F024435C4F0069AF4E /* Products */ = {
			isa = PBXGroup;
			children = (
				D43723EF24435C4F0069AF4E /* Car_Showroom.app */,
			);
			name = Products;
			sourceTree = "<group>";
		};
		D43723F124435C4F0069AF4E /* Car_Showroom */ = {
			isa = PBXGroup;
			children = (
				D4F42F162449F3B800162DE0 /* Models */,
				D4F42EFF2449F3AD00162DE0 /* Resources */,
				D43723F224435C4F0069AF4E /* AppDelegate.swift */,
				D43723F424435C4F0069AF4E /* SceneDelegate.swift */,
				D43723F624435C4F0069AF4E /* ContentView.swift */,
				D43723F824435C500069AF4E /* Assets.xcassets */,
				D43723FD24435C500069AF4E /* LaunchScreen.storyboard */,
				D437240024435C500069AF4E /* Info.plist */,
				D47A5C712449F7B500B29045 /* Logo.swift */,
				D47A5C702449F7B500B29045 /* ShopLocation.swift */,
				D43723FA24435C500069AF4E /* Preview Content */,
				D47A5C742449F83E00B29045 /* CarRow.swift */,
				D47A5C762449F91900B29045 /* BrandList.swift */,
				D460B817244ABD1400C14A44 /* CarDetail.swift */,
			);
			path = Car_Showroom;
			sourceTree = "<group>";
		};
		D43723FA24435C500069AF4E /* Preview Content */ = {
			isa = PBXGroup;
			children = (
				D43723FB24435C500069AF4E /* Preview Assets.xcassets */,
			);
			path = "Preview Content";
			sourceTree = "<group>";
		};
		D4F42EFF2449F3AD00162DE0 /* Resources */ = {
			isa = PBXGroup;
			children = (
				D4F42F002449F3AD00162DE0 /* aston_martin.jpg */,
				D4F42F012449F3AD00162DE0 /* lykan.jpg */,
				D4F42F022449F3AD00162DE0 /* ferrari.jpg */,
				D4F42F032449F3AD00162DE0 /* showroomData.json */,
				D4F42F042449F3AD00162DE0 /* koenigsegg.jpg */,
				D4F42F052449F3AD00162DE0 /* bugatti.jpg */,
				D4F42F062449F3AD00162DE0 /* pagani.jpg */,
				D4F42F072449F3AD00162DE0 /* rolls_royce.jpg */,
				D4F42F082449F3AD00162DE0 /* lamborghini.jpg */,
				D4F42F092449F3AD00162DE0 /* maybach.jpg */,
				D4F42F0A2449F3AD00162DE0 /* mazda.jpg */,
			);
			path = Resources;
			sourceTree = "<group>";
		};
		D4F42F162449F3B800162DE0 /* Models */ = {
			isa = PBXGroup;
			children = (
				D4F42F172449F3D200162DE0 /* Data.swift */,
				D4F42F192449F44800162DE0 /* CarShowroom.swift */,
			);
			path = Models;
			sourceTree = "<group>";
		};
/* End PBXGroup section */

/* Begin PBXNativeTarget section */
		D43723EE24435C4F0069AF4E /* Car_Showroom */ = {
			isa = PBXNativeTarget;
			buildConfigurationList = D437240324435C500069AF4E /* Build configuration list for PBXNativeTarget "Car_Showroom" */;
			buildPhases = (
				D43723EB24435C4F0069AF4E /* Sources */,
				D43723EC24435C4F0069AF4E /* Frameworks */,
				D43723ED24435C4F0069AF4E /* Resources */,
			);
			buildRules = (
			);
			dependencies = (
			);
			name = Car_Showroom;
			productName = Car_Showroom;
			productReference = D43723EF24435C4F0069AF4E /* Car_Showroom.app */;
			productType = "com.apple.product-type.application";
		};
/* End PBXNativeTarget section */

/* Begin PBXProject section */
		D43723E724435C4F0069AF4E /* Project object */ = {
			isa = PBXProject;
			attributes = {
				LastSwiftUpdateCheck = 1120;
				LastUpgradeCheck = 1120;
				ORGANIZATIONNAME = "Le Minh Khoi";
				TargetAttributes = {
					D43723EE24435C4F0069AF4E = {
						CreatedOnToolsVersion = 11.2;
					};
				};
			};
			buildConfigurationList = D43723EA24435C4F0069AF4E /* Build configuration list for PBXProject "Car_Showroom" */;
			compatibilityVersion = "Xcode 9.3";
			developmentRegion = en;
			hasScannedForEncodings = 0;
			knownRegions = (
				en,
				Base,
			);
			mainGroup = D43723E624435C4F0069AF4E;
			productRefGroup = D43723F024435C4F0069AF4E /* Products */;
			projectDirPath = "";
			projectRoot = "";
			targets = (
				D43723EE24435C4F0069AF4E /* Car_Showroom */,
			);
		};
/* End PBXProject section */

/* Begin PBXResourcesBuildPhase section */
		D43723ED24435C4F0069AF4E /* Resources */ = {
			isa = PBXResourcesBuildPhase;
			buildActionMask = 2147483647;
			files = (
				D4F42F102449F3AD00162DE0 /* bugatti.jpg in Resources */,
				D4F42F152449F3AD00162DE0 /* mazda.jpg in Resources */,
				D4F42F0F2449F3AD00162DE0 /* koenigsegg.jpg in Resources */,
				D43723FF24435C500069AF4E /* LaunchScreen.storyboard in Resources */,
				D4F42F0C2449F3AD00162DE0 /* lykan.jpg in Resources */,
				D43723FC24435C500069AF4E /* Preview Assets.xcassets in Resources */,
				D4F42F112449F3AD00162DE0 /* pagani.jpg in Resources */,
				D4F42F0E2449F3AD00162DE0 /* showroomData.json in Resources */,
				D4F42F122449F3AD00162DE0 /* rolls_royce.jpg in Resources */,
				D4F42F0B2449F3AD00162DE0 /* aston_martin.jpg in Resources */,
				D43723F924435C500069AF4E /* Assets.xcassets in Resources */,
				D4F42F132449F3AD00162DE0 /* lamborghini.jpg in Resources */,
				D4F42F0D2449F3AD00162DE0 /* ferrari.jpg in Resources */,
				D4F42F142449F3AD00162DE0 /* maybach.jpg in Resources */,
			);
			runOnlyForDeploymentPostprocessing = 0;
		};
/* End PBXResourcesBuildPhase section */

/* Begin PBXSourcesBuildPhase section */
		D43723EB24435C4F0069AF4E /* Sources */ = {
			isa = PBXSourcesBuildPhase;
			buildActionMask = 2147483647;
			files = (
				D4F42F1A2449F44800162DE0 /* CarShowroom.swift in Sources */,
				D47A5C732449F7B500B29045 /* Logo.swift in Sources */,
				D43723F324435C4F0069AF4E /* AppDelegate.swift in Sources */,
				D47A5C772449F91900B29045 /* BrandList.swift in Sources */,
				D43723F524435C4F0069AF4E /* SceneDelegate.swift in Sources */,
				D460B818244ABD1400C14A44 /* CarDetail.swift in Sources */,
				D4F42F182449F3D200162DE0 /* Data.swift in Sources */,
				D47A5C752449F83E00B29045 /* CarRow.swift in Sources */,
				D47A5C722449F7B500B29045 /* ShopLocation.swift in Sources */,
				D43723F724435C4F0069AF4E /* ContentView.swift in Sources */,
			);
			runOnlyForDeploymentPostprocessing = 0;
		};
/* End PBXSourcesBuildPhase section */

/* Begin PBXVariantGroup section */
		D43723FD24435C500069AF4E /* LaunchScreen.storyboard */ = {
			isa = PBXVariantGroup;
			children = (
				D43723FE24435C500069AF4E /* Base */,
			);
			name = LaunchScreen.storyboard;
			sourceTree = "<group>";
		};
/* End PBXVariantGroup section */

/* Begin XCBuildConfiguration section */
		D437240124435C500069AF4E /* Debug */ = {
			isa = XCBuildConfiguration;
			buildSettings = {
				ALWAYS_SEARCH_USER_PATHS = NO;
				CLANG_ANALYZER_NONNULL = YES;
				CLANG_ANALYZER_NUMBER_OBJECT_CONVERSION = YES_AGGRESSIVE;
				CLANG_CXX_LANGUAGE_STANDARD = "gnu++14";
				CLANG_CXX_LIBRARY = "libc++";
				CLANG_ENABLE_MODULES = YES;
				CLANG_ENABLE_OBJC_ARC = YES;
				CLANG_ENABLE_OBJC_WEAK = YES;
				CLANG_WARN_BLOCK_CAPTURE_AUTORELEASING = YES;
				CLANG_WARN_BOOL_CONVERSION = YES;
				CLANG_WARN_COMMA = YES;
				CLANG_WARN_CONSTANT_CONVERSION = YES;
				CLANG_WARN_DEPRECATED_OBJC_IMPLEMENTATIONS = YES;
				CLANG_WARN_DIRECT_OBJC_ISA_USAGE = YES_ERROR;
				CLANG_WARN_DOCUMENTATION_COMMENTS = YES;
				CLANG_WARN_EMPTY_BODY = YES;
				CLANG_WARN_ENUM_CONVERSION = YES;
				CLANG_WARN_INFINITE_RECURSION = YES;
				CLANG_WARN_INT_CONVERSION = YES;
				CLANG_WARN_NON_LITERAL_NULL_CONVERSION = YES;
				CLANG_WARN_OBJC_IMPLICIT_RETAIN_SELF = YES;
				CLANG_WARN_OBJC_LITERAL_CONVERSION = YES;
				CLANG_WARN_OBJC_ROOT_CLASS = YES_ERROR;
				CLANG_WARN_RANGE_LOOP_ANALYSIS = YES;
				CLANG_WARN_STRICT_PROTOTYPES = YES;
				CLANG_WARN_SUSPICIOUS_MOVE = YES;
				CLANG_WARN_UNGUARDED_AVAILABILITY = YES_AGGRESSIVE;
				CLANG_WARN_UNREACHABLE_CODE = YES;
				CLANG_WARN__DUPLICATE_METHOD_MATCH = YES;
				COPY_PHASE_STRIP = NO;
				DEBUG_INFORMATION_FORMAT = dwarf;
				ENABLE_STRICT_OBJC_MSGSEND = YES;
				ENABLE_TESTABILITY = YES;
				GCC_C_LANGUAGE_STANDARD = gnu11;
				GCC_DYNAMIC_NO_PIC = NO;
				GCC_NO_COMMON_BLOCKS = YES;
				GCC_OPTIMIZATION_LEVEL = 0;
				GCC_PREPROCESSOR_DEFINITIONS = (
					"DEBUG=1",
					"$(inherited)",
				);
				GCC_WARN_64_TO_32_BIT_CONVERSION = YES;
				GCC_WARN_ABOUT_RETURN_TYPE = YES_ERROR;
				GCC_WARN_UNDECLARED_SELECTOR = YES;
				GCC_WARN_UNINITIALIZED_AUTOS = YES_AGGRESSIVE;
				GCC_WARN_UNUSED_FUNCTION = YES;
				GCC_WARN_UNUSED_VARIABLE = YES;
				IPHONEOS_DEPLOYMENT_TARGET = 13.2;
				MTL_ENABLE_DEBUG_INFO = INCLUDE_SOURCE;
				MTL_FAST_MATH = YES;
				ONLY_ACTIVE_ARCH = YES;
				SDKROOT = iphoneos;
				SWIFT_ACTIVE_COMPILATION_CONDITIONS = DEBUG;
				SWIFT_OPTIMIZATION_LEVEL = "-Onone";
			};
			name = Debug;
		};
		D437240224435C500069AF4E /* Release */ = {
			isa = XCBuildConfiguration;
			buildSettings = {
				ALWAYS_SEARCH_USER_PATHS = NO;
				CLANG_ANALYZER_NONNULL = YES;
				CLANG_ANALYZER_NUMBER_OBJECT_CONVERSION = YES_AGGRESSIVE;
				CLANG_CXX_LANGUAGE_STANDARD = "gnu++14";
				CLANG_CXX_LIBRARY = "libc++";
				CLANG_ENABLE_MODULES = YES;
				CLANG_ENABLE_OBJC_ARC = YES;
				CLANG_ENABLE_OBJC_WEAK = YES;
				CLANG_WARN_BLOCK_CAPTURE_AUTORELEASING = YES;
				CLANG_WARN_BOOL_CONVERSION = YES;
				CLANG_WARN_COMMA = YES;
				CLANG_WARN_CONSTANT_CONVERSION = YES;
				CLANG_WARN_DEPRECATED_OBJC_IMPLEMENTATIONS = YES;
				CLANG_WARN_DIRECT_OBJC_ISA_USAGE = YES_ERROR;
				CLANG_WARN_DOCUMENTATION_COMMENTS = YES;
				CLANG_WARN_EMPTY_BODY = YES;
				CLANG_WARN_ENUM_CONVERSION = YES;
				CLANG_WARN_INFINITE_RECURSION = YES;
				CLANG_WARN_INT_CONVERSION = YES;
				CLANG_WARN_NON_LITERAL_NULL_CONVERSION = YES;
				CLANG_WARN_OBJC_IMPLICIT_RETAIN_SELF = YES;
				CLANG_WARN_OBJC_LITERAL_CONVERSION = YES;
				CLANG_WARN_OBJC_ROOT_CLASS = YES_ERROR;
				CLANG_WARN_RANGE_LOOP_ANALYSIS = YES;
				CLANG_WARN_STRICT_PROTOTYPES = YES;
				CLANG_WARN_SUSPICIOUS_MOVE = YES;
				CLANG_WARN_UNGUARDED_AVAILABILITY = YES_AGGRESSIVE;
				CLANG_WARN_UNREACHABLE_CODE = YES;
				CLANG_WARN__DUPLICATE_METHOD_MATCH = YES;
				COPY_PHASE_STRIP = NO;
				DEBUG_INFORMATION_FORMAT = "dwarf-with-dsym";
				ENABLE_NS_ASSERTIONS = NO;
				ENABLE_STRICT_OBJC_MSGSEND = YES;
				GCC_C_LANGUAGE_STANDARD = gnu11;
				GCC_NO_COMMON_BLOCKS = YES;
				GCC_WARN_64_TO_32_BIT_CONVERSION = YES;
				GCC_WARN_ABOUT_RETURN_TYPE = YES_ERROR;
				GCC_WARN_UNDECLARED_SELECTOR = YES;
				GCC_WARN_UNINITIALIZED_AUTOS = YES_AGGRESSIVE;
				GCC_WARN_UNUSED_FUNCTION = YES;
				GCC_WARN_UNUSED_VARIABLE = YES;
				IPHONEOS_DEPLOYMENT_TARGET = 13.2;
				MTL_ENABLE_DEBUG_INFO = NO;
				MTL_FAST_MATH = YES;
				SDKROOT = iphoneos;
				SWIFT_COMPILATION_MODE = wholemodule;
				SWIFT_OPTIMIZATION_LEVEL = "-O";
				VALIDATE_PRODUCT = YES;
			};
			name = Release;
		};
		D437240424435C500069AF4E /* Debug */ = {
			isa = XCBuildConfiguration;
			buildSettings = {
				ASSETCATALOG_COMPILER_APPICON_NAME = AppIcon;
				CODE_SIGN_STYLE = Automatic;
				DEVELOPMENT_ASSET_PATHS = "\"Car_Showroom/Preview Content\"";
				DEVELOPMENT_TEAM = 99F6V6VQPQ;
				ENABLE_PREVIEWS = YES;
				INFOPLIST_FILE = Car_Showroom/Info.plist;
				LD_RUNPATH_SEARCH_PATHS = (
					"$(inherited)",
					"@executable_path/Frameworks",
				);
				PRODUCT_BUNDLE_IDENTIFIER = "TheInfinity.Car-Showroom";
				PRODUCT_NAME = "$(TARGET_NAME)";
				SWIFT_VERSION = 5.0;
				TARGETED_DEVICE_FAMILY = "1,2";
			};
			name = Debug;
		};
		D437240524435C500069AF4E /* Release */ = {
			isa = XCBuildConfiguration;
			buildSettings = {
				ASSETCATALOG_COMPILER_APPICON_NAME = AppIcon;
				CODE_SIGN_STYLE = Automatic;
				DEVELOPMENT_ASSET_PATHS = "\"Car_Showroom/Preview Content\"";
				DEVELOPMENT_TEAM = 99F6V6VQPQ;
				ENABLE_PREVIEWS = YES;
				INFOPLIST_FILE = Car_Showroom/Info.plist;
				LD_RUNPATH_SEARCH_PATHS = (
					"$(inherited)",
					"@executable_path/Frameworks",
				);
				PRODUCT_BUNDLE_IDENTIFIER = "TheInfinity.Car-Showroom";
				PRODUCT_NAME = "$(TARGET_NAME)";
				SWIFT_VERSION = 5.0;
				TARGETED_DEVICE_FAMILY = "1,2";
			};
			name = Release;
		};
/* End XCBuildConfiguration section */

/* Begin XCConfigurationList section */
		D43723EA24435C4F0069AF4E /* Build configuration list for PBXProject "Car_Showroom" */ = {
			isa = XCConfigurationList;
			buildConfigurations = (
				D437240124435C500069AF4E /* Debug */,
				D437240224435C500069AF4E /* Release */,
			);
			defaultConfigurationIsVisible = 0;
			defaultConfigurationName = Release;
		};
		D437240324435C500069AF4E /* Build configuration list for PBXNativeTarget "Car_Showroom" */ = {
			isa = XCConfigurationList;
			buildConfigurations = (
				D437240424435C500069AF4E /* Debug */,
				D437240524435C500069AF4E /* Release */,
			);
			defaultConfigurationIsVisible = 0;
			defaultConfigurationName = Release;
		};
/* End XCConfigurationList section */
	};
	rootObject = D43723E724435C4F0069AF4E /* Project object */;
}
